// !$*UTF8*$!
{
	archiveVersion = 1;
	classes = {
	};
	objectVersion = 50;
	objects = {

/* Begin PBXBuildFile section */
		694F697822B6A9E200C6989D /* ProductsListViewController.swift in Sources */ = {isa = PBXBuildFile; fileRef = 694F697722B6A9E200C6989D /* ProductsListViewController.swift */; };
		694F697A22B6AF5D00C6989D /* ProductsListViewStyle.swift in Sources */ = {isa = PBXBuildFile; fileRef = 694F697922B6AF5D00C6989D /* ProductsListViewStyle.swift */; };
		694F697C22B6B43000C6989D /* UICollectionViewCell+ReuseId.swift in Sources */ = {isa = PBXBuildFile; fileRef = 694F697B22B6B43000C6989D /* UICollectionViewCell+ReuseId.swift */; };
		694F697F22B6BE7A00C6989D /* sql in Resources */ = {isa = PBXBuildFile; fileRef = 694F697E22B6BE7A00C6989D /* sql */; };
		694F698122B6C0BB00C6989D /* ProductsListCollectionViewCell.swift in Sources */ = {isa = PBXBuildFile; fileRef = 694F698022B6C0BB00C6989D /* ProductsListCollectionViewCell.swift */; };
		694F698322B6CAB800C6989D /* Palette.swift in Sources */ = {isa = PBXBuildFile; fileRef = 694F698222B6CAB800C6989D /* Palette.swift */; };
		694F698922B827B800C6989D /* ProductsFetcher.m in Sources */ = {isa = PBXBuildFile; fileRef = 694F698822B827B800C6989D /* ProductsFetcher.m */; };
		694F698C22B8339100C6989D /* NBGProduct.m in Sources */ = {isa = PBXBuildFile; fileRef = 694F698B22B8339100C6989D /* NBGProduct.m */; };
		695E6620222DC3FC00189A3D /* AppDelegate.m in Sources */ = {isa = PBXBuildFile; fileRef = 695E661F222DC3FC00189A3D /* AppDelegate.m */; };
		695E6628222DC3FE00189A3D /* Assets.xcassets in Resources */ = {isa = PBXBuildFile; fileRef = 695E6627222DC3FE00189A3D /* Assets.xcassets */; };
		695E662B222DC3FE00189A3D /* LaunchScreen.storyboard in Resources */ = {isa = PBXBuildFile; fileRef = 695E6629222DC3FE00189A3D /* LaunchScreen.storyboard */; };
		695E662E222DC3FE00189A3D /* main.m in Sources */ = {isa = PBXBuildFile; fileRef = 695E662D222DC3FE00189A3D /* main.m */; };
		695E6638222DC3FE00189A3D /* GroceriesTests.m in Sources */ = {isa = PBXBuildFile; fileRef = 695E6637222DC3FE00189A3D /* GroceriesTests.m */; };
		695E6643222DC3FE00189A3D /* GroceriesUITests.m in Sources */ = {isa = PBXBuildFile; fileRef = 695E6642222DC3FE00189A3D /* GroceriesUITests.m */; };
		69EF40C522B01888002D3363 /* NBGDatabaseEngine.m in Sources */ = {isa = PBXBuildFile; fileRef = 69EF40C422B01888002D3363 /* NBGDatabaseEngine.m */; };
		69EF40CC22B01B44002D3363 /* FMDB.framework in Frameworks */ = {isa = PBXBuildFile; fileRef = 69EF40CA22B01B44002D3363 /* FMDB.framework */; };
		69EF40CD22B01B45002D3363 /* PureLayout.framework in Frameworks */ = {isa = PBXBuildFile; fileRef = 69EF40CB22B01B44002D3363 /* PureLayout.framework */; };
		69EF40D322B02F71002D3363 /* NSString+NBGSQLStatements.m in Sources */ = {isa = PBXBuildFile; fileRef = 69EF40D222B02F71002D3363 /* NSString+NBGSQLStatements.m */; };
		69EF40D622B0329C002D3363 /* NBGDatabaseEngine+Debug.m in Sources */ = {isa = PBXBuildFile; fileRef = 69EF40D522B0329C002D3363 /* NBGDatabaseEngine+Debug.m */; };
		69EF40DA22B033B6002D3363 /* NBGLibrarian.m in Sources */ = {isa = PBXBuildFile; fileRef = 69EF40D922B033B6002D3363 /* NBGLibrarian.m */; };
/* End PBXBuildFile section */

/* Begin PBXContainerItemProxy section */
		695E6634222DC3FE00189A3D /* PBXContainerItemProxy */ = {
			isa = PBXContainerItemProxy;
			containerPortal = 695E6613222DC3FC00189A3D /* Project object */;
			proxyType = 1;
			remoteGlobalIDString = 695E661A222DC3FC00189A3D;
			remoteInfo = Groceries;
		};
		695E663F222DC3FE00189A3D /* PBXContainerItemProxy */ = {
			isa = PBXContainerItemProxy;
			containerPortal = 695E6613222DC3FC00189A3D /* Project object */;
			proxyType = 1;
			remoteGlobalIDString = 695E661A222DC3FC00189A3D;
			remoteInfo = Groceries;
		};
/* End PBXContainerItemProxy section */

/* Begin PBXFileReference section */
		690CEF7E22B37EB100AC3F8D /* NBGDatabaseEngine.h */ = {isa = PBXFileReference; fileEncoding = 4; lastKnownFileType = sourcecode.c.h; path = NBGDatabaseEngine.h; sourceTree = "<group>"; };
		694F697622B6A9E200C6989D /* Groceries-Bridging-Header.h */ = {isa = PBXFileReference; lastKnownFileType = sourcecode.c.h; path = "Groceries-Bridging-Header.h"; sourceTree = "<group>"; };
		694F697722B6A9E200C6989D /* ProductsListViewController.swift */ = {isa = PBXFileReference; lastKnownFileType = sourcecode.swift; path = ProductsListViewController.swift; sourceTree = "<group>"; };
		694F697922B6AF5D00C6989D /* ProductsListViewStyle.swift */ = {isa = PBXFileReference; lastKnownFileType = sourcecode.swift; path = ProductsListViewStyle.swift; sourceTree = "<group>"; };
		694F697B22B6B43000C6989D /* UICollectionViewCell+ReuseId.swift */ = {isa = PBXFileReference; lastKnownFileType = sourcecode.swift; path = "UICollectionViewCell+ReuseId.swift"; sourceTree = "<group>"; };
		694F697E22B6BE7A00C6989D /* sql */ = {isa = PBXFileReference; lastKnownFileType = folder; path = sql; sourceTree = SOURCE_ROOT; };
		694F698022B6C0BB00C6989D /* ProductsListCollectionViewCell.swift */ = {isa = PBXFileReference; lastKnownFileType = sourcecode.swift; path = ProductsListCollectionViewCell.swift; sourceTree = "<group>"; };
		694F698222B6CAB800C6989D /* Palette.swift */ = {isa = PBXFileReference; lastKnownFileType = sourcecode.swift; path = Palette.swift; sourceTree = "<group>"; };
		694F698722B827B800C6989D /* ProductsFetcher.h */ = {isa = PBXFileReference; fileEncoding = 4; lastKnownFileType = sourcecode.c.h; name = ProductsFetcher.h; path = Source/ProductsFetcher.h; sourceTree = SOURCE_ROOT; };
		694F698822B827B800C6989D /* ProductsFetcher.m */ = {isa = PBXFileReference; fileEncoding = 4; lastKnownFileType = sourcecode.c.objc; name = ProductsFetcher.m; path = Source/ProductsFetcher.m; sourceTree = SOURCE_ROOT; };
		694F698A22B8339100C6989D /* NBGProduct.h */ = {isa = PBXFileReference; lastKnownFileType = sourcecode.c.h; path = NBGProduct.h; sourceTree = "<group>"; };
		694F698B22B8339100C6989D /* NBGProduct.m */ = {isa = PBXFileReference; lastKnownFileType = sourcecode.c.objc; path = NBGProduct.m; sourceTree = "<group>"; };
		695E661B222DC3FC00189A3D /* Groceries.app */ = {isa = PBXFileReference; explicitFileType = wrapper.application; includeInIndex = 0; path = Groceries.app; sourceTree = BUILT_PRODUCTS_DIR; };
		695E661E222DC3FC00189A3D /* AppDelegate.h */ = {isa = PBXFileReference; lastKnownFileType = sourcecode.c.h; path = AppDelegate.h; sourceTree = "<group>"; };
		695E661F222DC3FC00189A3D /* AppDelegate.m */ = {isa = PBXFileReference; lastKnownFileType = sourcecode.c.objc; path = AppDelegate.m; sourceTree = "<group>"; };
		695E6627222DC3FE00189A3D /* Assets.xcassets */ = {isa = PBXFileReference; lastKnownFileType = folder.assetcatalog; path = Assets.xcassets; sourceTree = "<group>"; };
		695E662A222DC3FE00189A3D /* Base */ = {isa = PBXFileReference; lastKnownFileType = file.storyboard; name = Base; path = Base.lproj/LaunchScreen.storyboard; sourceTree = "<group>"; };
		695E662C222DC3FE00189A3D /* Info.plist */ = {isa = PBXFileReference; lastKnownFileType = text.plist.xml; path = Info.plist; sourceTree = "<group>"; };
		695E662D222DC3FE00189A3D /* main.m */ = {isa = PBXFileReference; lastKnownFileType = sourcecode.c.objc; path = main.m; sourceTree = "<group>"; };
		695E6633222DC3FE00189A3D /* GroceriesTests.xctest */ = {isa = PBXFileReference; explicitFileType = wrapper.cfbundle; includeInIndex = 0; path = GroceriesTests.xctest; sourceTree = BUILT_PRODUCTS_DIR; };
		695E6637222DC3FE00189A3D /* GroceriesTests.m */ = {isa = PBXFileReference; lastKnownFileType = sourcecode.c.objc; path = GroceriesTests.m; sourceTree = "<group>"; };
		695E6639222DC3FE00189A3D /* Info.plist */ = {isa = PBXFileReference; lastKnownFileType = text.plist.xml; path = Info.plist; sourceTree = "<group>"; };
		695E663E222DC3FE00189A3D /* GroceriesUITests.xctest */ = {isa = PBXFileReference; explicitFileType = wrapper.cfbundle; includeInIndex = 0; path = GroceriesUITests.xctest; sourceTree = BUILT_PRODUCTS_DIR; };
		695E6642222DC3FE00189A3D /* GroceriesUITests.m */ = {isa = PBXFileReference; lastKnownFileType = sourcecode.c.objc; path = GroceriesUITests.m; sourceTree = "<group>"; };
		695E6644222DC3FE00189A3D /* Info.plist */ = {isa = PBXFileReference; lastKnownFileType = text.plist.xml; path = Info.plist; sourceTree = "<group>"; };
		69EF40C422B01888002D3363 /* NBGDatabaseEngine.m */ = {isa = PBXFileReference; lastKnownFileType = sourcecode.c.objc; path = NBGDatabaseEngine.m; sourceTree = "<group>"; };
		69EF40C722B01971002D3363 /* Cartfile */ = {isa = PBXFileReference; fileEncoding = 4; lastKnownFileType = text; name = Cartfile; path = ../Cartfile; sourceTree = "<group>"; };
		69EF40CA22B01B44002D3363 /* FMDB.framework */ = {isa = PBXFileReference; lastKnownFileType = wrapper.framework; name = FMDB.framework; path = Carthage/Build/iOS/FMDB.framework; sourceTree = SOURCE_ROOT; };
		69EF40CB22B01B44002D3363 /* PureLayout.framework */ = {isa = PBXFileReference; lastKnownFileType = wrapper.framework; name = PureLayout.framework; path = Carthage/Build/iOS/PureLayout.framework; sourceTree = SOURCE_ROOT; };
		69EF40CF22B01F74002D3363 /* DatabaseEngine.h */ = {isa = PBXFileReference; lastKnownFileType = sourcecode.c.h; path = DatabaseEngine.h; sourceTree = "<group>"; };
		69EF40D122B02F71002D3363 /* NSString+NBGSQLStatements.h */ = {isa = PBXFileReference; lastKnownFileType = sourcecode.c.h; path = "NSString+NBGSQLStatements.h"; sourceTree = "<group>"; };
		69EF40D222B02F71002D3363 /* NSString+NBGSQLStatements.m */ = {isa = PBXFileReference; lastKnownFileType = sourcecode.c.objc; path = "NSString+NBGSQLStatements.m"; sourceTree = "<group>"; };
		69EF40D422B0329C002D3363 /* NBGDatabaseEngine+Debug.h */ = {isa = PBXFileReference; lastKnownFileType = sourcecode.c.h; path = "NBGDatabaseEngine+Debug.h"; sourceTree = "<group>"; };
		69EF40D522B0329C002D3363 /* NBGDatabaseEngine+Debug.m */ = {isa = PBXFileReference; lastKnownFileType = sourcecode.c.objc; path = "NBGDatabaseEngine+Debug.m"; sourceTree = "<group>"; };
		69EF40D822B033B6002D3363 /* NBGLibrarian.h */ = {isa = PBXFileReference; lastKnownFileType = sourcecode.c.h; path = NBGLibrarian.h; sourceTree = "<group>"; };
		69EF40D922B033B6002D3363 /* NBGLibrarian.m */ = {isa = PBXFileReference; lastKnownFileType = sourcecode.c.objc; path = NBGLibrarian.m; sourceTree = "<group>"; };
/* End PBXFileReference section */

/* Begin PBXFrameworksBuildPhase section */
		695E6618222DC3FC00189A3D /* Frameworks */ = {
			isa = PBXFrameworksBuildPhase;
			buildActionMask = 2147483647;
			files = (
				69EF40CD22B01B45002D3363 /* PureLayout.framework in Frameworks */,
				69EF40CC22B01B44002D3363 /* FMDB.framework in Frameworks */,
			);
			runOnlyForDeploymentPostprocessing = 0;
		};
		695E6630222DC3FE00189A3D /* Frameworks */ = {
			isa = PBXFrameworksBuildPhase;
			buildActionMask = 2147483647;
			files = (
			);
			runOnlyForDeploymentPostprocessing = 0;
		};
		695E663B222DC3FE00189A3D /* Frameworks */ = {
			isa = PBXFrameworksBuildPhase;
			buildActionMask = 2147483647;
			files = (
			);
			runOnlyForDeploymentPostprocessing = 0;
		};
/* End PBXFrameworksBuildPhase section */

/* Begin PBXGroup section */
		694F697D22B6BBF900C6989D /* UI */ = {
			isa = PBXGroup;
			children = (
				694F697722B6A9E200C6989D /* ProductsListViewController.swift */,
				694F697922B6AF5D00C6989D /* ProductsListViewStyle.swift */,
				694F698022B6C0BB00C6989D /* ProductsListCollectionViewCell.swift */,
				694F698222B6CAB800C6989D /* Palette.swift */,
			);
			path = UI;
			sourceTree = "<group>";
		};
		695E6612222DC3FC00189A3D = {
			isa = PBXGroup;
			children = (
				695E661D222DC3FC00189A3D /* Groceries */,
				69EF40C222B01440002D3363 /* Resources */,
				69EF40C122B01410002D3363 /* Supporting Files */,
				69EF40C922B01B2D002D3363 /* Frameworks */,
				695E6636222DC3FE00189A3D /* GroceriesTests */,
				695E6641222DC3FE00189A3D /* GroceriesUITests */,
				695E661C222DC3FC00189A3D /* Products */,
			);
			sourceTree = "<group>";
		};
		695E661C222DC3FC00189A3D /* Products */ = {
			isa = PBXGroup;
			children = (
				695E661B222DC3FC00189A3D /* Groceries.app */,
				695E6633222DC3FE00189A3D /* GroceriesTests.xctest */,
				695E663E222DC3FE00189A3D /* GroceriesUITests.xctest */,
			);
			name = Products;
			sourceTree = "<group>";
		};
		695E661D222DC3FC00189A3D /* Groceries */ = {
			isa = PBXGroup;
			children = (
				69EF40D022B02F4B002D3363 /* Extensions */,
				69EF40C622B0188C002D3363 /* Database */,
				69EF40DB22B0346E002D3363 /* Librarian */,
				694F697D22B6BBF900C6989D /* UI */,
				695E661E222DC3FC00189A3D /* AppDelegate.h */,
				695E661F222DC3FC00189A3D /* AppDelegate.m */,
				694F698722B827B800C6989D /* ProductsFetcher.h */,
				694F698822B827B800C6989D /* ProductsFetcher.m */,
				694F698A22B8339100C6989D /* NBGProduct.h */,
				694F698B22B8339100C6989D /* NBGProduct.m */,
			);
			name = Groceries;
			path = Source;
			sourceTree = "<group>";
		};
		695E6636222DC3FE00189A3D /* GroceriesTests */ = {
			isa = PBXGroup;
			children = (
				695E6637222DC3FE00189A3D /* GroceriesTests.m */,
				695E6639222DC3FE00189A3D /* Info.plist */,
			);
			name = GroceriesTests;
			path = Tests;
			sourceTree = "<group>";
		};
		695E6641222DC3FE00189A3D /* GroceriesUITests */ = {
			isa = PBXGroup;
			children = (
				695E6642222DC3FE00189A3D /* GroceriesUITests.m */,
				695E6644222DC3FE00189A3D /* Info.plist */,
			);
			name = GroceriesUITests;
			path = UITests;
			sourceTree = "<group>";
		};
		69EF40C122B01410002D3363 /* Supporting Files */ = {
			isa = PBXGroup;
			children = (
				694F697E22B6BE7A00C6989D /* sql */,
				694F697622B6A9E200C6989D /* Groceries-Bridging-Header.h */,
				69EF40C722B01971002D3363 /* Cartfile */,
				695E662C222DC3FE00189A3D /* Info.plist */,
				695E662D222DC3FE00189A3D /* main.m */,
			);
			path = "Supporting Files";
			sourceTree = "<group>";
		};
		69EF40C222B01440002D3363 /* Resources */ = {
			isa = PBXGroup;
			children = (
				695E6629222DC3FE00189A3D /* LaunchScreen.storyboard */,
				695E6627222DC3FE00189A3D /* Assets.xcassets */,
			);
			path = Resources;
			sourceTree = "<group>";
		};
		69EF40C622B0188C002D3363 /* Database */ = {
			isa = PBXGroup;
			children = (
				69EF40D722B03372002D3363 /* Extensions */,
				69EF40CF22B01F74002D3363 /* DatabaseEngine.h */,
				690CEF7E22B37EB100AC3F8D /* NBGDatabaseEngine.h */,
				69EF40C422B01888002D3363 /* NBGDatabaseEngine.m */,
			);
			path = Database;
			sourceTree = "<group>";
		};
		69EF40C922B01B2D002D3363 /* Frameworks */ = {
			isa = PBXGroup;
			children = (
				69EF40CA22B01B44002D3363 /* FMDB.framework */,
				69EF40CB22B01B44002D3363 /* PureLayout.framework */,
			);
			path = Frameworks;
			sourceTree = "<group>";
		};
		69EF40D022B02F4B002D3363 /* Extensions */ = {
			isa = PBXGroup;
			children = (
				69EF40D122B02F71002D3363 /* NSString+NBGSQLStatements.h */,
				69EF40D222B02F71002D3363 /* NSString+NBGSQLStatements.m */,
				694F697B22B6B43000C6989D /* UICollectionViewCell+ReuseId.swift */,
			);
			path = Extensions;
			sourceTree = "<group>";
		};
		69EF40D722B03372002D3363 /* Extensions */ = {
			isa = PBXGroup;
			children = (
				69EF40D422B0329C002D3363 /* NBGDatabaseEngine+Debug.h */,
				69EF40D522B0329C002D3363 /* NBGDatabaseEngine+Debug.m */,
			);
			path = Extensions;
			sourceTree = "<group>";
		};
		69EF40DB22B0346E002D3363 /* Librarian */ = {
			isa = PBXGroup;
			children = (
				69EF40D822B033B6002D3363 /* NBGLibrarian.h */,
				69EF40D922B033B6002D3363 /* NBGLibrarian.m */,
			);
			path = Librarian;
			sourceTree = "<group>";
		};
/* End PBXGroup section */

/* Begin PBXNativeTarget section */
		695E661A222DC3FC00189A3D /* Groceries */ = {
			isa = PBXNativeTarget;
			buildConfigurationList = 695E6647222DC3FE00189A3D /* Build configuration list for PBXNativeTarget "Groceries" */;
			buildPhases = (
				695E6617222DC3FC00189A3D /* Sources */,
				695E6618222DC3FC00189A3D /* Frameworks */,
				695E6619222DC3FC00189A3D /* Resources */,
				69EF40CE22B01B5D002D3363 /* ShellScript */,
			);
			buildRules = (
			);
			dependencies = (
			);
			name = Groceries;
			productName = Groceries;
			productReference = 695E661B222DC3FC00189A3D /* Groceries.app */;
			productType = "com.apple.product-type.application";
		};
		695E6632222DC3FE00189A3D /* GroceriesTests */ = {
			isa = PBXNativeTarget;
			buildConfigurationList = 695E664A222DC3FE00189A3D /* Build configuration list for PBXNativeTarget "GroceriesTests" */;
			buildPhases = (
				695E662F222DC3FE00189A3D /* Sources */,
				695E6630222DC3FE00189A3D /* Frameworks */,
				695E6631222DC3FE00189A3D /* Resources */,
			);
			buildRules = (
			);
			dependencies = (
				695E6635222DC3FE00189A3D /* PBXTargetDependency */,
			);
			name = GroceriesTests;
			productName = GroceriesTests;
			productReference = 695E6633222DC3FE00189A3D /* GroceriesTests.xctest */;
			productType = "com.apple.product-type.bundle.unit-test";
		};
		695E663D222DC3FE00189A3D /* GroceriesUITests */ = {
			isa = PBXNativeTarget;
			buildConfigurationList = 695E664D222DC3FE00189A3D /* Build configuration list for PBXNativeTarget "GroceriesUITests" */;
			buildPhases = (
				695E663A222DC3FE00189A3D /* Sources */,
				695E663B222DC3FE00189A3D /* Frameworks */,
				695E663C222DC3FE00189A3D /* Resources */,
			);
			buildRules = (
			);
			dependencies = (
				695E6640222DC3FE00189A3D /* PBXTargetDependency */,
			);
			name = GroceriesUITests;
			productName = GroceriesUITests;
			productReference = 695E663E222DC3FE00189A3D /* GroceriesUITests.xctest */;
			productType = "com.apple.product-type.bundle.ui-testing";
		};
/* End PBXNativeTarget section */

/* Begin PBXProject section */
		695E6613222DC3FC00189A3D /* Project object */ = {
			isa = PBXProject;
			attributes = {
				LastUpgradeCheck = 1010;
				ORGANIZATIONNAME = "Illia Akhaiev";
				TargetAttributes = {
					695E661A222DC3FC00189A3D = {
						CreatedOnToolsVersion = 10.1;
						LastSwiftMigration = 1020;
					};
					695E6632222DC3FE00189A3D = {
						CreatedOnToolsVersion = 10.1;
						TestTargetID = 695E661A222DC3FC00189A3D;
					};
					695E663D222DC3FE00189A3D = {
						CreatedOnToolsVersion = 10.1;
						TestTargetID = 695E661A222DC3FC00189A3D;
					};
				};
			};
			buildConfigurationList = 695E6616222DC3FC00189A3D /* Build configuration list for PBXProject "Groceries" */;
			compatibilityVersion = "Xcode 9.3";
			developmentRegion = en;
			hasScannedForEncodings = 0;
			knownRegions = (
				en,
				Base,
			);
			mainGroup = 695E6612222DC3FC00189A3D;
			productRefGroup = 695E661C222DC3FC00189A3D /* Products */;
			projectDirPath = "";
			projectRoot = "";
			targets = (
				695E661A222DC3FC00189A3D /* Groceries */,
				695E6632222DC3FE00189A3D /* GroceriesTests */,
				695E663D222DC3FE00189A3D /* GroceriesUITests */,
			);
		};
/* End PBXProject section */

/* Begin PBXResourcesBuildPhase section */
		695E6619222DC3FC00189A3D /* Resources */ = {
			isa = PBXResourcesBuildPhase;
			buildActionMask = 2147483647;
			files = (
				695E662B222DC3FE00189A3D /* LaunchScreen.storyboard in Resources */,
				695E6628222DC3FE00189A3D /* Assets.xcassets in Resources */,
				694F697F22B6BE7A00C6989D /* sql in Resources */,
			);
			runOnlyForDeploymentPostprocessing = 0;
		};
		695E6631222DC3FE00189A3D /* Resources */ = {
			isa = PBXResourcesBuildPhase;
			buildActionMask = 2147483647;
			files = (
			);
			runOnlyForDeploymentPostprocessing = 0;
		};
		695E663C222DC3FE00189A3D /* Resources */ = {
			isa = PBXResourcesBuildPhase;
			buildActionMask = 2147483647;
			files = (
			);
			runOnlyForDeploymentPostprocessing = 0;
		};
/* End PBXResourcesBuildPhase section */

/* Begin PBXShellScriptBuildPhase section */
		69EF40CE22B01B5D002D3363 /* ShellScript */ = {
			isa = PBXShellScriptBuildPhase;
			buildActionMask = 2147483647;
			files = (
			);
			inputFileListPaths = (
			);
			inputPaths = (
				"$(SRCROOT)/Carthage/Build/iOS/FMDB.framework",
				"$(SRCROOT)/Carthage/Build/iOS/PureLayout.framework",
			);
			outputFileListPaths = (
			);
			outputPaths = (
				"$(BUILT_PRODUCTS_DIR)/$(FRAMEWORKS_FOLDER_PATH)/FMDB.framework",
				"$(BUILT_PRODUCTS_DIR)/$(FRAMEWORKS_FOLDER_PATH)/PureLayout.framework",
			);
			runOnlyForDeploymentPostprocessing = 0;
			shellPath = /bin/sh;
			shellScript = "# Type a script or drag a script file from your workspace to insert its path.\n/usr/local/bin/carthage copy-frameworks\n";
		};
/* End PBXShellScriptBuildPhase section */

/* Begin PBXSourcesBuildPhase section */
		695E6617222DC3FC00189A3D /* Sources */ = {
			isa = PBXSourcesBuildPhase;
			buildActionMask = 2147483647;
			files = (
				694F697C22B6B43000C6989D /* UICollectionViewCell+ReuseId.swift in Sources */,
				69EF40D322B02F71002D3363 /* NSString+NBGSQLStatements.m in Sources */,
				69EF40DA22B033B6002D3363 /* NBGLibrarian.m in Sources */,
				69EF40D622B0329C002D3363 /* NBGDatabaseEngine+Debug.m in Sources */,
				695E662E222DC3FE00189A3D /* main.m in Sources */,
				694F698322B6CAB800C6989D /* Palette.swift in Sources */,
				694F698922B827B800C6989D /* ProductsFetcher.m in Sources */,
				694F698122B6C0BB00C6989D /* ProductsListCollectionViewCell.swift in Sources */,
				695E6620222DC3FC00189A3D /* AppDelegate.m in Sources */,
				694F697822B6A9E200C6989D /* ProductsListViewController.swift in Sources */,
				694F697A22B6AF5D00C6989D /* ProductsListViewStyle.swift in Sources */,
				69EF40C522B01888002D3363 /* NBGDatabaseEngine.m in Sources */,
				694F698C22B8339100C6989D /* NBGProduct.m in Sources */,
			);
			runOnlyForDeploymentPostprocessing = 0;
		};
		695E662F222DC3FE00189A3D /* Sources */ = {
			isa = PBXSourcesBuildPhase;
			buildActionMask = 2147483647;
			files = (
				695E6638222DC3FE00189A3D /* GroceriesTests.m in Sources */,
			);
			runOnlyForDeploymentPostprocessing = 0;
		};
		695E663A222DC3FE00189A3D /* Sources */ = {
			isa = PBXSourcesBuildPhase;
			buildActionMask = 2147483647;
			files = (
				695E6643222DC3FE00189A3D /* GroceriesUITests.m in Sources */,
			);
			runOnlyForDeploymentPostprocessing = 0;
		};
/* End PBXSourcesBuildPhase section */

/* Begin PBXTargetDependency section */
		695E6635222DC3FE00189A3D /* PBXTargetDependency */ = {
			isa = PBXTargetDependency;
			target = 695E661A222DC3FC00189A3D /* Groceries */;
			targetProxy = 695E6634222DC3FE00189A3D /* PBXContainerItemProxy */;
		};
		695E6640222DC3FE00189A3D /* PBXTargetDependency */ = {
			isa = PBXTargetDependency;
			target = 695E661A222DC3FC00189A3D /* Groceries */;
			targetProxy = 695E663F222DC3FE00189A3D /* PBXContainerItemProxy */;
		};
/* End PBXTargetDependency section */

/* Begin PBXVariantGroup section */
		695E6629222DC3FE00189A3D /* LaunchScreen.storyboard */ = {
			isa = PBXVariantGroup;
			children = (
				695E662A222DC3FE00189A3D /* Base */,
			);
			name = LaunchScreen.storyboard;
			sourceTree = "<group>";
		};
/* End PBXVariantGroup section */

/* Begin XCBuildConfiguration section */
		695E6645222DC3FE00189A3D /* Debug */ = {
			isa = XCBuildConfiguration;
			buildSettings = {
				ALWAYS_SEARCH_USER_PATHS = NO;
				CLANG_ANALYZER_NONNULL = YES;
				CLANG_ANALYZER_NUMBER_OBJECT_CONVERSION = YES_AGGRESSIVE;
				CLANG_CXX_LANGUAGE_STANDARD = "gnu++14";
				CLANG_CXX_LIBRARY = "libc++";
				CLANG_ENABLE_MODULES = YES;
				CLANG_ENABLE_OBJC_ARC = YES;
				CLANG_ENABLE_OBJC_WEAK = YES;
				CLANG_WARN_BLOCK_CAPTURE_AUTORELEASING = YES;
				CLANG_WARN_BOOL_CONVERSION = YES;
				CLANG_WARN_COMMA = YES;
				CLANG_WARN_CONSTANT_CONVERSION = YES;
				CLANG_WARN_DEPRECATED_OBJC_IMPLEMENTATIONS = YES;
				CLANG_WARN_DIRECT_OBJC_ISA_USAGE = YES_ERROR;
				CLANG_WARN_DOCUMENTATION_COMMENTS = YES;
				CLANG_WARN_EMPTY_BODY = YES;
				CLANG_WARN_ENUM_CONVERSION = YES;
				CLANG_WARN_INFINITE_RECURSION = YES;
				CLANG_WARN_INT_CONVERSION = YES;
				CLANG_WARN_NON_LITERAL_NULL_CONVERSION = YES;
				CLANG_WARN_OBJC_IMPLICIT_RETAIN_SELF = YES;
				CLANG_WARN_OBJC_LITERAL_CONVERSION = YES;
				CLANG_WARN_OBJC_ROOT_CLASS = YES_ERROR;
				CLANG_WARN_RANGE_LOOP_ANALYSIS = YES;
				CLANG_WARN_STRICT_PROTOTYPES = YES;
				CLANG_WARN_SUSPICIOUS_MOVE = YES;
				CLANG_WARN_UNGUARDED_AVAILABILITY = YES_AGGRESSIVE;
				CLANG_WARN_UNREACHABLE_CODE = YES;
				CLANG_WARN__DUPLICATE_METHOD_MATCH = YES;
				CODE_SIGN_IDENTITY = "iPhone Developer";
				COPY_PHASE_STRIP = NO;
				DEBUG_INFORMATION_FORMAT = dwarf;
				ENABLE_STRICT_OBJC_MSGSEND = YES;
				ENABLE_TESTABILITY = YES;
				GCC_C_LANGUAGE_STANDARD = gnu11;
				GCC_DYNAMIC_NO_PIC = NO;
				GCC_NO_COMMON_BLOCKS = YES;
				GCC_OPTIMIZATION_LEVEL = 0;
				GCC_PREPROCESSOR_DEFINITIONS = (
					"DEBUG=1",
					"$(inherited)",
				);
				GCC_WARN_64_TO_32_BIT_CONVERSION = YES;
				GCC_WARN_ABOUT_RETURN_TYPE = YES_ERROR;
				GCC_WARN_UNDECLARED_SELECTOR = YES;
				GCC_WARN_UNINITIALIZED_AUTOS = YES_AGGRESSIVE;
				GCC_WARN_UNUSED_FUNCTION = YES;
				GCC_WARN_UNUSED_VARIABLE = YES;
				IPHONEOS_DEPLOYMENT_TARGET = 12.1;
				MTL_ENABLE_DEBUG_INFO = INCLUDE_SOURCE;
				MTL_FAST_MATH = YES;
				ONLY_ACTIVE_ARCH = YES;
				SDKROOT = iphoneos;
			};
			name = Debug;
		};
		695E6646222DC3FE00189A3D /* Release */ = {
			isa = XCBuildConfiguration;
			buildSettings = {
				ALWAYS_SEARCH_USER_PATHS = NO;
				CLANG_ANALYZER_NONNULL = YES;
				CLANG_ANALYZER_NUMBER_OBJECT_CONVERSION = YES_AGGRESSIVE;
				CLANG_CXX_LANGUAGE_STANDARD = "gnu++14";
				CLANG_CXX_LIBRARY = "libc++";
				CLANG_ENABLE_MODULES = YES;
				CLANG_ENABLE_OBJC_ARC = YES;
				CLANG_ENABLE_OBJC_WEAK = YES;
				CLANG_WARN_BLOCK_CAPTURE_AUTORELEASING = YES;
				CLANG_WARN_BOOL_CONVERSION = YES;
				CLANG_WARN_COMMA = YES;
				CLANG_WARN_CONSTANT_CONVERSION = YES;
				CLANG_WARN_DEPRECATED_OBJC_IMPLEMENTATIONS = YES;
				CLANG_WARN_DIRECT_OBJC_ISA_USAGE = YES_ERROR;
				CLANG_WARN_DOCUMENTATION_COMMENTS = YES;
				CLANG_WARN_EMPTY_BODY = YES;
				CLANG_WARN_ENUM_CONVERSION = YES;
				CLANG_WARN_INFINITE_RECURSION = YES;
				CLANG_WARN_INT_CONVERSION = YES;
				CLANG_WARN_NON_LITERAL_NULL_CONVERSION = YES;
				CLANG_WARN_OBJC_IMPLICIT_RETAIN_SELF = YES;
				CLANG_WARN_OBJC_LITERAL_CONVERSION = YES;
				CLANG_WARN_OBJC_ROOT_CLASS = YES_ERROR;
				CLANG_WARN_RANGE_LOOP_ANALYSIS = YES;
				CLANG_WARN_STRICT_PROTOTYPES = YES;
				CLANG_WARN_SUSPICIOUS_MOVE = YES;
				CLANG_WARN_UNGUARDED_AVAILABILITY = YES_AGGRESSIVE;
				CLANG_WARN_UNREACHABLE_CODE = YES;
				CLANG_WARN__DUPLICATE_METHOD_MATCH = YES;
				CODE_SIGN_IDENTITY = "iPhone Developer";
				COPY_PHASE_STRIP = NO;
				DEBUG_INFORMATION_FORMAT = "dwarf-with-dsym";
				ENABLE_NS_ASSERTIONS = NO;
				ENABLE_STRICT_OBJC_MSGSEND = YES;
				GCC_C_LANGUAGE_STANDARD = gnu11;
				GCC_NO_COMMON_BLOCKS = YES;
				GCC_WARN_64_TO_32_BIT_CONVERSION = YES;
				GCC_WARN_ABOUT_RETURN_TYPE = YES_ERROR;
				GCC_WARN_UNDECLARED_SELECTOR = YES;
				GCC_WARN_UNINITIALIZED_AUTOS = YES_AGGRESSIVE;
				GCC_WARN_UNUSED_FUNCTION = YES;
				GCC_WARN_UNUSED_VARIABLE = YES;
				IPHONEOS_DEPLOYMENT_TARGET = 12.1;
				MTL_ENABLE_DEBUG_INFO = NO;
				MTL_FAST_MATH = YES;
				SDKROOT = iphoneos;
				VALIDATE_PRODUCT = YES;
			};
			name = Release;
		};
		695E6648222DC3FE00189A3D /* Debug */ = {
			isa = XCBuildConfiguration;
			buildSettings = {
				ASSETCATALOG_COMPILER_APPICON_NAME = AppIcon;
				CLANG_ENABLE_MODULES = YES;
				CODE_SIGN_STYLE = Automatic;
				DEVELOPMENT_TEAM = ZYRA39J73U;
				FRAMEWORK_SEARCH_PATHS = (
					"$(inherited)",
					"$(PROJECT_DIR)/Carthage/Build/iOS",
				);
				INFOPLIST_FILE = ".//Supporting Files/Info.plist";
				LD_RUNPATH_SEARCH_PATHS = (
					"$(inherited)",
					"@executable_path/Frameworks",
				);
				PRODUCT_BUNDLE_IDENTIFIER = com.twealm.Groceries;
				PRODUCT_NAME = "$(TARGET_NAME)";
				SWIFT_OBJC_BRIDGING_HEADER = "$SRCROOT/Supporting Files/Groceries-Bridging-Header.h";
				SWIFT_OPTIMIZATION_LEVEL = "-Onone";
				SWIFT_VERSION = 5.0;
				TARGETED_DEVICE_FAMILY = "1,2";
			};
			name = Debug;
		};
		695E6649222DC3FE00189A3D /* Release */ = {
			isa = XCBuildConfiguration;
			buildSettings = {
				ASSETCATALOG_COMPILER_APPICON_NAME = AppIcon;
				CLANG_ENABLE_MODULES = YES;
				CODE_SIGN_STYLE = Automatic;
				DEVELOPMENT_TEAM = ZYRA39J73U;
				FRAMEWORK_SEARCH_PATHS = (
					"$(inherited)",
					"$(PROJECT_DIR)/Carthage/Build/iOS",
				);
				INFOPLIST_FILE = ".//Supporting Files/Info.plist";
				LD_RUNPATH_SEARCH_PATHS = (
					"$(inherited)",
					"@executable_path/Frameworks",
				);
				PRODUCT_BUNDLE_IDENTIFIER = com.twealm.Groceries;
				PRODUCT_NAME = "$(TARGET_NAME)";
				SWIFT_OBJC_BRIDGING_HEADER = "$SRCROOT/Supporting Files/Groceries-Bridging-Header.h";
				SWIFT_VERSION = 5.0;
				TARGETED_DEVICE_FAMILY = "1,2";
			};
			name = Release;
		};
		695E664B222DC3FE00189A3D /* Debug */ = {
			isa = XCBuildConfiguration;
			buildSettings = {
				ALWAYS_EMBED_SWIFT_STANDARD_LIBRARIES = YES;
				BUNDLE_LOADER = "$(TEST_HOST)";
				CODE_SIGN_STYLE = Automatic;
				INFOPLIST_FILE = GroceriesTests/Info.plist;
				LD_RUNPATH_SEARCH_PATHS = (
					"$(inherited)",
					"@executable_path/Frameworks",
					"@loader_path/Frameworks",
				);
				PRODUCT_BUNDLE_IDENTIFIER = com.twealm.GroceriesTests;
				PRODUCT_NAME = "$(TARGET_NAME)";
				TARGETED_DEVICE_FAMILY = "1,2";
				TEST_HOST = "$(BUILT_PRODUCTS_DIR)/Groceries.app/Groceries";
			};
			name = Debug;
		};
		695E664C222DC3FE00189A3D /* Release */ = {
			isa = XCBuildConfiguration;
			buildSettings = {
				ALWAYS_EMBED_SWIFT_STANDARD_LIBRARIES = YES;
				BUNDLE_LOADER = "$(TEST_HOST)";
				CODE_SIGN_STYLE = Automatic;
				INFOPLIST_FILE = GroceriesTests/Info.plist;
				LD_RUNPATH_SEARCH_PATHS = (
					"$(inherited)",
					"@executable_path/Frameworks",
					"@loader_path/Frameworks",
				);
				PRODUCT_BUNDLE_IDENTIFIER = com.twealm.GroceriesTests;
				PRODUCT_NAME = "$(TARGET_NAME)";
				TARGETED_DEVICE_FAMILY = "1,2";
				TEST_HOST = "$(BUILT_PRODUCTS_DIR)/Groceries.app/Groceries";
			};
			name = Release;
		};
		695E664E222DC3FE00189A3D /* Debug */ = {
			isa = XCBuildConfiguration;
			buildSettings = {
				ALWAYS_EMBED_SWIFT_STANDARD_LIBRARIES = YES;
				CODE_SIGN_STYLE = Automatic;
				INFOPLIST_FILE = GroceriesUITests/Info.plist;
				LD_RUNPATH_SEARCH_PATHS = (
					"$(inherited)",
					"@executable_path/Frameworks",
					"@loader_path/Frameworks",
				);
				PRODUCT_BUNDLE_IDENTIFIER = com.twealm.GroceriesUITests;
				PRODUCT_NAME = "$(TARGET_NAME)";
				TARGETED_DEVICE_FAMILY = "1,2";
				TEST_TARGET_NAME = Groceries;
			};
			name = Debug;
		};
		695E664F222DC3FE00189A3D /* Release */ = {
			isa = XCBuildConfiguration;
			buildSettings = {
				ALWAYS_EMBED_SWIFT_STANDARD_LIBRARIES = YES;
				CODE_SIGN_STYLE = Automatic;
				INFOPLIST_FILE = GroceriesUITests/Info.plist;
				LD_RUNPATH_SEARCH_PATHS = (
					"$(inherited)",
					"@executable_path/Frameworks",
					"@loader_path/Frameworks",
				);
				PRODUCT_BUNDLE_IDENTIFIER = com.twealm.GroceriesUITests;
				PRODUCT_NAME = "$(TARGET_NAME)";
				TARGETED_DEVICE_FAMILY = "1,2";
				TEST_TARGET_NAME = Groceries;
			};
			name = Release;
		};
/* End XCBuildConfiguration section */

/* Begin XCConfigurationList section */
		695E6616222DC3FC00189A3D /* Build configuration list for PBXProject "Groceries" */ = {
			isa = XCConfigurationList;
			buildConfigurations = (
				695E6645222DC3FE00189A3D /* Debug */,
				695E6646222DC3FE00189A3D /* Release */,
			);
			defaultConfigurationIsVisible = 0;
			defaultConfigurationName = Release;
		};
		695E6647222DC3FE00189A3D /* Build configuration list for PBXNativeTarget "Groceries" */ = {
			isa = XCConfigurationList;
			buildConfigurations = (
				695E6648222DC3FE00189A3D /* Debug */,
				695E6649222DC3FE00189A3D /* Release */,
			);
			defaultConfigurationIsVisible = 0;
			defaultConfigurationName = Release;
		};
		695E664A222DC3FE00189A3D /* Build configuration list for PBXNativeTarget "GroceriesTests" */ = {
			isa = XCConfigurationList;
			buildConfigurations = (
				695E664B222DC3FE00189A3D /* Debug */,
				695E664C222DC3FE00189A3D /* Release */,
			);
			defaultConfigurationIsVisible = 0;
			defaultConfigurationName = Release;
		};
		695E664D222DC3FE00189A3D /* Build configuration list for PBXNativeTarget "GroceriesUITests" */ = {
			isa = XCConfigurationList;
			buildConfigurations = (
				695E664E222DC3FE00189A3D /* Debug */,
				695E664F222DC3FE00189A3D /* Release */,
			);
			defaultConfigurationIsVisible = 0;
			defaultConfigurationName = Release;
		};
/* End XCConfigurationList section */
	};
	rootObject = 695E6613222DC3FC00189A3D /* Project object */;
}
